// !$*UTF8*$!
{
	archiveVersion = 1;
	classes = {
	};
	objectVersion = 56;
	objects = {

/* Begin PBXBuildFile section */
		43CBB64AE308B87AC0A87E08 /* Pods_GalleryAppForInnowiseTests.framework in Frameworks */ = {isa = PBXBuildFile; fileRef = E8DA85F015DD66D72FAE8329 /* Pods_GalleryAppForInnowiseTests.framework */; };
		94E585927C9D67EC7AE1781F /* Pods_GalleryAppForInnowise_GalleryAppForInnowiseUITests.framework in Frameworks */ = {isa = PBXBuildFile; fileRef = 41FD044F804BC280D466D568 /* Pods_GalleryAppForInnowise_GalleryAppForInnowiseUITests.framework */; };
		B6B530C6C4470B3D7C5381D9 /* Pods_GalleryAppForInnowise.framework in Frameworks */ = {isa = PBXBuildFile; fileRef = 686B6C39408E038222649476 /* Pods_GalleryAppForInnowise.framework */; };
		EA23D5EF2BBB262F0070E423 /* BaseProvider.swift in Sources */ = {isa = PBXBuildFile; fileRef = EA23D5EE2BBB262F0070E423 /* BaseProvider.swift */; };
		EA23D5F22BBB26890070E423 /* UnsplashProvider.swift in Sources */ = {isa = PBXBuildFile; fileRef = EA23D5F12BBB26890070E423 /* UnsplashProvider.swift */; };
		EA23D5F62BBB28B70070E423 /* PrivateConstants.swift in Sources */ = {isa = PBXBuildFile; fileRef = EA23D5F52BBB28B70070E423 /* PrivateConstants.swift */; };
		EA5B1BAA2BB98C3B00245FBC /* Constants.swift in Sources */ = {isa = PBXBuildFile; fileRef = EA5B1BA92BB98C3B00245FBC /* Constants.swift */; };
		EA5B1BB12BB9EC4600245FBC /* ImageGalleryViewController.swift in Sources */ = {isa = PBXBuildFile; fileRef = EA5B1BB02BB9EC4600245FBC /* ImageGalleryViewController.swift */; };
		EA5B1BB42BB9ECF100245FBC /* ImageDetailViewController.swift in Sources */ = {isa = PBXBuildFile; fileRef = EA5B1BB32BB9ECF100245FBC /* ImageDetailViewController.swift */; };
		EA5B1BB62BB9ED6100245FBC /* ImageGalleryViewModel.swift in Sources */ = {isa = PBXBuildFile; fileRef = EA5B1BB52BB9ED6100245FBC /* ImageGalleryViewModel.swift */; };
		EA5B1BB82BB9ED8400245FBC /* ImageDetailViewModel.swift in Sources */ = {isa = PBXBuildFile; fileRef = EA5B1BB72BB9ED8400245FBC /* ImageDetailViewModel.swift */; };
		EA637BC32BBC9DB800EB3FB7 /* BenchTimer.swift in Sources */ = {isa = PBXBuildFile; fileRef = EA637BC22BBC9DB800EB3FB7 /* BenchTimer.swift */; };
		EA637BC52BBCA81C00EB3FB7 /* ImageDownloadProvider.swift in Sources */ = {isa = PBXBuildFile; fileRef = EA637BC42BBCA81C00EB3FB7 /* ImageDownloadProvider.swift */; };
		EA8198092BBB2D1400CFBCFE /* WebService.swift in Sources */ = {isa = PBXBuildFile; fileRef = EA8198082BBB2D1400CFBCFE /* WebService.swift */; };
		EA81980C2BBB2E1F00CFBCFE /* InternalError.swift in Sources */ = {isa = PBXBuildFile; fileRef = EA81980B2BBB2E1F00CFBCFE /* InternalError.swift */; };
		EA81980E2BBB2F1D00CFBCFE /* Reachability.swift in Sources */ = {isa = PBXBuildFile; fileRef = EA81980D2BBB2F1D00CFBCFE /* Reachability.swift */; };
		EA8198132BBB466700CFBCFE /* UnsplashModels.swift in Sources */ = {isa = PBXBuildFile; fileRef = EA8198122BBB466700CFBCFE /* UnsplashModels.swift */; };
		EA8198152BBB49E300CFBCFE /* RequestData.swift in Sources */ = {isa = PBXBuildFile; fileRef = EA8198142BBB49E300CFBCFE /* RequestData.swift */; };
		EA8198172BBB4D7400CFBCFE /* URLRequest + Extensions.swift in Sources */ = {isa = PBXBuildFile; fileRef = EA8198162BBB4D7400CFBCFE /* URLRequest + Extensions.swift */; };
		EABF42842BB8848D004BA85A /* AppDelegate.swift in Sources */ = {isa = PBXBuildFile; fileRef = EABF42832BB8848D004BA85A /* AppDelegate.swift */; };
		EABF42862BB8848D004BA85A /* SceneDelegate.swift in Sources */ = {isa = PBXBuildFile; fileRef = EABF42852BB8848D004BA85A /* SceneDelegate.swift */; };
		EABF42882BB8848D004BA85A /* ViewController.swift in Sources */ = {isa = PBXBuildFile; fileRef = EABF42872BB8848D004BA85A /* ViewController.swift */; };
		EABF428B2BB8848D004BA85A /* Base in Resources */ = {isa = PBXBuildFile; fileRef = EABF428A2BB8848D004BA85A /* Base */; };
		EABF428E2BB8848D004BA85A /* GalleryAppForInnowise.xcdatamodeld in Sources */ = {isa = PBXBuildFile; fileRef = EABF428C2BB8848D004BA85A /* GalleryAppForInnowise.xcdatamodeld */; };
		EABF42902BB8848D004BA85A /* Assets.xcassets in Resources */ = {isa = PBXBuildFile; fileRef = EABF428F2BB8848D004BA85A /* Assets.xcassets */; };
		EABF42932BB8848D004BA85A /* Base in Resources */ = {isa = PBXBuildFile; fileRef = EABF42922BB8848D004BA85A /* Base */; };
		EABF429E2BB8848E004BA85A /* GalleryAppForInnowiseTests.swift in Sources */ = {isa = PBXBuildFile; fileRef = EABF429D2BB8848E004BA85A /* GalleryAppForInnowiseTests.swift */; };
		EABF42A82BB8848E004BA85A /* GalleryAppForInnowiseUITests.swift in Sources */ = {isa = PBXBuildFile; fileRef = EABF42A72BB8848E004BA85A /* GalleryAppForInnowiseUITests.swift */; };
		EABF42AA2BB8848E004BA85A /* GalleryAppForInnowiseUITestsLaunchTests.swift in Sources */ = {isa = PBXBuildFile; fileRef = EABF42A92BB8848E004BA85A /* GalleryAppForInnowiseUITestsLaunchTests.swift */; };
/* End PBXBuildFile section */

/* Begin PBXContainerItemProxy section */
		EABF429A2BB8848E004BA85A /* PBXContainerItemProxy */ = {
			isa = PBXContainerItemProxy;
			containerPortal = EABF42782BB8848C004BA85A /* Project object */;
			proxyType = 1;
			remoteGlobalIDString = EABF427F2BB8848D004BA85A;
			remoteInfo = GalleryAppForInnowise;
		};
		EABF42A42BB8848E004BA85A /* PBXContainerItemProxy */ = {
			isa = PBXContainerItemProxy;
			containerPortal = EABF42782BB8848C004BA85A /* Project object */;
			proxyType = 1;
			remoteGlobalIDString = EABF427F2BB8848D004BA85A;
			remoteInfo = GalleryAppForInnowise;
		};
/* End PBXContainerItemProxy section */

/* Begin PBXFileReference section */
		2F5FA1350336F06FBF5DAA53 /* Pods-GalleryAppForInnowise-GalleryAppForInnowiseUITests.debug.xcconfig */ = {isa = PBXFileReference; includeInIndex = 1; lastKnownFileType = text.xcconfig; name = "Pods-GalleryAppForInnowise-GalleryAppForInnowiseUITests.debug.xcconfig"; path = "Target Support Files/Pods-GalleryAppForInnowise-GalleryAppForInnowiseUITests/Pods-GalleryAppForInnowise-GalleryAppForInnowiseUITests.debug.xcconfig"; sourceTree = "<group>"; };
		39C9CE09D9BA6F6EA8A3FD30 /* Pods-GalleryAppForInnowise.release.xcconfig */ = {isa = PBXFileReference; includeInIndex = 1; lastKnownFileType = text.xcconfig; name = "Pods-GalleryAppForInnowise.release.xcconfig"; path = "Target Support Files/Pods-GalleryAppForInnowise/Pods-GalleryAppForInnowise.release.xcconfig"; sourceTree = "<group>"; };
		41FD044F804BC280D466D568 /* Pods_GalleryAppForInnowise_GalleryAppForInnowiseUITests.framework */ = {isa = PBXFileReference; explicitFileType = wrapper.framework; includeInIndex = 0; path = Pods_GalleryAppForInnowise_GalleryAppForInnowiseUITests.framework; sourceTree = BUILT_PRODUCTS_DIR; };
		686B6C39408E038222649476 /* Pods_GalleryAppForInnowise.framework */ = {isa = PBXFileReference; explicitFileType = wrapper.framework; includeInIndex = 0; path = Pods_GalleryAppForInnowise.framework; sourceTree = BUILT_PRODUCTS_DIR; };
		E8DA85F015DD66D72FAE8329 /* Pods_GalleryAppForInnowiseTests.framework */ = {isa = PBXFileReference; explicitFileType = wrapper.framework; includeInIndex = 0; path = Pods_GalleryAppForInnowiseTests.framework; sourceTree = BUILT_PRODUCTS_DIR; };
		EA23D5EE2BBB262F0070E423 /* BaseProvider.swift */ = {isa = PBXFileReference; lastKnownFileType = sourcecode.swift; path = BaseProvider.swift; sourceTree = "<group>"; };
		EA23D5F12BBB26890070E423 /* UnsplashProvider.swift */ = {isa = PBXFileReference; lastKnownFileType = sourcecode.swift; path = UnsplashProvider.swift; sourceTree = "<group>"; };
		EA23D5F52BBB28B70070E423 /* PrivateConstants.swift */ = {isa = PBXFileReference; lastKnownFileType = sourcecode.swift; path = PrivateConstants.swift; sourceTree = "<group>"; };
		EA5B1BA92BB98C3B00245FBC /* Constants.swift */ = {isa = PBXFileReference; lastKnownFileType = sourcecode.swift; path = Constants.swift; sourceTree = "<group>"; };
		EA5B1BB02BB9EC4600245FBC /* ImageGalleryViewController.swift */ = {isa = PBXFileReference; lastKnownFileType = sourcecode.swift; path = ImageGalleryViewController.swift; sourceTree = "<group>"; };
		EA5B1BB32BB9ECF100245FBC /* ImageDetailViewController.swift */ = {isa = PBXFileReference; lastKnownFileType = sourcecode.swift; path = ImageDetailViewController.swift; sourceTree = "<group>"; };
		EA5B1BB52BB9ED6100245FBC /* ImageGalleryViewModel.swift */ = {isa = PBXFileReference; lastKnownFileType = sourcecode.swift; path = ImageGalleryViewModel.swift; sourceTree = "<group>"; };
		EA5B1BB72BB9ED8400245FBC /* ImageDetailViewModel.swift */ = {isa = PBXFileReference; lastKnownFileType = sourcecode.swift; path = ImageDetailViewModel.swift; sourceTree = "<group>"; };
		EA5B1BB92BB9EF3A00245FBC /* README.md */ = {isa = PBXFileReference; lastKnownFileType = net.daringfireball.markdown; path = README.md; sourceTree = "<group>"; };
		EA637BC22BBC9DB800EB3FB7 /* BenchTimer.swift */ = {isa = PBXFileReference; lastKnownFileType = sourcecode.swift; path = BenchTimer.swift; sourceTree = "<group>"; };
		EA637BC42BBCA81C00EB3FB7 /* ImageDownloadProvider.swift */ = {isa = PBXFileReference; lastKnownFileType = sourcecode.swift; path = ImageDownloadProvider.swift; sourceTree = "<group>"; };
		EA8198082BBB2D1400CFBCFE /* WebService.swift */ = {isa = PBXFileReference; lastKnownFileType = sourcecode.swift; path = WebService.swift; sourceTree = "<group>"; };
		EA81980B2BBB2E1F00CFBCFE /* InternalError.swift */ = {isa = PBXFileReference; lastKnownFileType = sourcecode.swift; path = InternalError.swift; sourceTree = "<group>"; };
		EA81980D2BBB2F1D00CFBCFE /* Reachability.swift */ = {isa = PBXFileReference; lastKnownFileType = sourcecode.swift; path = Reachability.swift; sourceTree = "<group>"; };
		EA8198122BBB466700CFBCFE /* UnsplashModels.swift */ = {isa = PBXFileReference; lastKnownFileType = sourcecode.swift; path = UnsplashModels.swift; sourceTree = "<group>"; };
		EA8198142BBB49E300CFBCFE /* RequestData.swift */ = {isa = PBXFileReference; lastKnownFileType = sourcecode.swift; path = RequestData.swift; sourceTree = "<group>"; };
		EA8198162BBB4D7400CFBCFE /* URLRequest + Extensions.swift */ = {isa = PBXFileReference; lastKnownFileType = sourcecode.swift; path = "URLRequest + Extensions.swift"; sourceTree = "<group>"; };
		EABF42802BB8848D004BA85A /* GalleryAppForInnowise.app */ = {isa = PBXFileReference; explicitFileType = wrapper.application; includeInIndex = 0; path = GalleryAppForInnowise.app; sourceTree = BUILT_PRODUCTS_DIR; };
		EABF42832BB8848D004BA85A /* AppDelegate.swift */ = {isa = PBXFileReference; lastKnownFileType = sourcecode.swift; path = AppDelegate.swift; sourceTree = "<group>"; };
		EABF42852BB8848D004BA85A /* SceneDelegate.swift */ = {isa = PBXFileReference; lastKnownFileType = sourcecode.swift; path = SceneDelegate.swift; sourceTree = "<group>"; };
		EABF42872BB8848D004BA85A /* ViewController.swift */ = {isa = PBXFileReference; lastKnownFileType = sourcecode.swift; path = ViewController.swift; sourceTree = "<group>"; };
		EABF428A2BB8848D004BA85A /* Base */ = {isa = PBXFileReference; lastKnownFileType = file.storyboard; name = Base; path = Base.lproj/Main.storyboard; sourceTree = "<group>"; };
		EABF428D2BB8848D004BA85A /* GalleryAppForInnowise.xcdatamodel */ = {isa = PBXFileReference; lastKnownFileType = wrapper.xcdatamodel; path = GalleryAppForInnowise.xcdatamodel; sourceTree = "<group>"; };
		EABF428F2BB8848D004BA85A /* Assets.xcassets */ = {isa = PBXFileReference; lastKnownFileType = folder.assetcatalog; path = Assets.xcassets; sourceTree = "<group>"; };
		EABF42922BB8848D004BA85A /* Base */ = {isa = PBXFileReference; lastKnownFileType = file.storyboard; name = Base; path = Base.lproj/LaunchScreen.storyboard; sourceTree = "<group>"; };
		EABF42942BB8848D004BA85A /* Info.plist */ = {isa = PBXFileReference; lastKnownFileType = text.plist.xml; name = Info.plist; path = "GalleryAppForInnowise/Support Files/Info.plist"; sourceTree = SOURCE_ROOT; };
		EABF42992BB8848E004BA85A /* GalleryAppForInnowiseTests.xctest */ = {isa = PBXFileReference; explicitFileType = wrapper.cfbundle; includeInIndex = 0; path = GalleryAppForInnowiseTests.xctest; sourceTree = BUILT_PRODUCTS_DIR; };
		EABF429D2BB8848E004BA85A /* GalleryAppForInnowiseTests.swift */ = {isa = PBXFileReference; lastKnownFileType = sourcecode.swift; path = GalleryAppForInnowiseTests.swift; sourceTree = "<group>"; };
		EABF42A32BB8848E004BA85A /* GalleryAppForInnowiseUITests.xctest */ = {isa = PBXFileReference; explicitFileType = wrapper.cfbundle; includeInIndex = 0; path = GalleryAppForInnowiseUITests.xctest; sourceTree = BUILT_PRODUCTS_DIR; };
		EABF42A72BB8848E004BA85A /* GalleryAppForInnowiseUITests.swift */ = {isa = PBXFileReference; lastKnownFileType = sourcecode.swift; path = GalleryAppForInnowiseUITests.swift; sourceTree = "<group>"; };
		EABF42A92BB8848E004BA85A /* GalleryAppForInnowiseUITestsLaunchTests.swift */ = {isa = PBXFileReference; lastKnownFileType = sourcecode.swift; path = GalleryAppForInnowiseUITestsLaunchTests.swift; sourceTree = "<group>"; };
		F48245F2C26964D917F35D3C /* Pods-GalleryAppForInnowise-GalleryAppForInnowiseUITests.release.xcconfig */ = {isa = PBXFileReference; includeInIndex = 1; lastKnownFileType = text.xcconfig; name = "Pods-GalleryAppForInnowise-GalleryAppForInnowiseUITests.release.xcconfig"; path = "Target Support Files/Pods-GalleryAppForInnowise-GalleryAppForInnowiseUITests/Pods-GalleryAppForInnowise-GalleryAppForInnowiseUITests.release.xcconfig"; sourceTree = "<group>"; };
		F8F24FACA78B2B940E8F8108 /* Pods-GalleryAppForInnowiseTests.debug.xcconfig */ = {isa = PBXFileReference; includeInIndex = 1; lastKnownFileType = text.xcconfig; name = "Pods-GalleryAppForInnowiseTests.debug.xcconfig"; path = "Target Support Files/Pods-GalleryAppForInnowiseTests/Pods-GalleryAppForInnowiseTests.debug.xcconfig"; sourceTree = "<group>"; };
		F9D9C62D79CDCA554B7B362C /* Pods-GalleryAppForInnowise.debug.xcconfig */ = {isa = PBXFileReference; includeInIndex = 1; lastKnownFileType = text.xcconfig; name = "Pods-GalleryAppForInnowise.debug.xcconfig"; path = "Target Support Files/Pods-GalleryAppForInnowise/Pods-GalleryAppForInnowise.debug.xcconfig"; sourceTree = "<group>"; };
		FEB5DE400E08AF3C39BD9C54 /* Pods-GalleryAppForInnowiseTests.release.xcconfig */ = {isa = PBXFileReference; includeInIndex = 1; lastKnownFileType = text.xcconfig; name = "Pods-GalleryAppForInnowiseTests.release.xcconfig"; path = "Target Support Files/Pods-GalleryAppForInnowiseTests/Pods-GalleryAppForInnowiseTests.release.xcconfig"; sourceTree = "<group>"; };
/* End PBXFileReference section */

/* Begin PBXFrameworksBuildPhase section */
		EABF427D2BB8848D004BA85A /* Frameworks */ = {
			isa = PBXFrameworksBuildPhase;
			buildActionMask = 2147483647;
			files = (
				B6B530C6C4470B3D7C5381D9 /* Pods_GalleryAppForInnowise.framework in Frameworks */,
			);
			runOnlyForDeploymentPostprocessing = 0;
		};
		EABF42962BB8848E004BA85A /* Frameworks */ = {
			isa = PBXFrameworksBuildPhase;
			buildActionMask = 2147483647;
			files = (
				43CBB64AE308B87AC0A87E08 /* Pods_GalleryAppForInnowiseTests.framework in Frameworks */,
			);
			runOnlyForDeploymentPostprocessing = 0;
		};
		EABF42A02BB8848E004BA85A /* Frameworks */ = {
			isa = PBXFrameworksBuildPhase;
			buildActionMask = 2147483647;
			files = (
				94E585927C9D67EC7AE1781F /* Pods_GalleryAppForInnowise_GalleryAppForInnowiseUITests.framework in Frameworks */,
			);
			runOnlyForDeploymentPostprocessing = 0;
		};
/* End PBXFrameworksBuildPhase section */

/* Begin PBXGroup section */
		E99AFD1E812F2DDEBE804291 /* Pods */ = {
			isa = PBXGroup;
			children = (
				F9D9C62D79CDCA554B7B362C /* Pods-GalleryAppForInnowise.debug.xcconfig */,
				39C9CE09D9BA6F6EA8A3FD30 /* Pods-GalleryAppForInnowise.release.xcconfig */,
				2F5FA1350336F06FBF5DAA53 /* Pods-GalleryAppForInnowise-GalleryAppForInnowiseUITests.debug.xcconfig */,
				F48245F2C26964D917F35D3C /* Pods-GalleryAppForInnowise-GalleryAppForInnowiseUITests.release.xcconfig */,
				F8F24FACA78B2B940E8F8108 /* Pods-GalleryAppForInnowiseTests.debug.xcconfig */,
				FEB5DE400E08AF3C39BD9C54 /* Pods-GalleryAppForInnowiseTests.release.xcconfig */,
			);
			path = Pods;
			sourceTree = "<group>";
		};
		EA23D5ED2BBB25E90070E423 /* WebService */ = {
			isa = PBXGroup;
			children = (
				EA23D5EE2BBB262F0070E423 /* BaseProvider.swift */,
				EA23D5F02BBB26770070E423 /* Providers */,
				EA23D5F32BBB27A00070E423 /* WebServiceClasses */,
				EA23D5F42BBB28020070E423 /* WebServiceModels */,
			);
			path = WebService;
			sourceTree = "<group>";
		};
		EA23D5F02BBB26770070E423 /* Providers */ = {
			isa = PBXGroup;
			children = (
				EA23D5F12BBB26890070E423 /* UnsplashProvider.swift */,
				EA637BC42BBCA81C00EB3FB7 /* ImageDownloadProvider.swift */,
			);
			path = Providers;
			sourceTree = "<group>";
		};
		EA23D5F32BBB27A00070E423 /* WebServiceClasses */ = {
			isa = PBXGroup;
			children = (
				EA8198082BBB2D1400CFBCFE /* WebService.swift */,
			);
			path = WebServiceClasses;
			sourceTree = "<group>";
		};
		EA23D5F42BBB28020070E423 /* WebServiceModels */ = {
			isa = PBXGroup;
			children = (
				EA8198122BBB466700CFBCFE /* UnsplashModels.swift */,
				EA8198142BBB49E300CFBCFE /* RequestData.swift */,
			);
			path = WebServiceModels;
			sourceTree = "<group>";
		};
		EA5B1BA42BB987C200245FBC /* Modules */ = {
			isa = PBXGroup;
			children = (
				EA5B1BAF2BB9EC2300245FBC /* ImageGalleryScreen */,
				EA5B1BB22BB9ECCB00245FBC /* ImageDetailScreen */,
			);
			path = Modules;
			sourceTree = "<group>";
		};
		EA5B1BA52BB98B1A00245FBC /* Extensions */ = {
			isa = PBXGroup;
			children = (
				EA8198162BBB4D7400CFBCFE /* URLRequest + Extensions.swift */,
			);
			path = Extensions;
			sourceTree = "<group>";
		};
		EA5B1BA62BB98BBC00245FBC /* Utilities */ = {
			isa = PBXGroup;
			children = (
				EA81980D2BBB2F1D00CFBCFE /* Reachability.swift */,
				EA637BC22BBC9DB800EB3FB7 /* BenchTimer.swift */,
			);
			path = Utilities;
			sourceTree = "<group>";
		};
		EA5B1BA72BB98BCA00245FBC /* Support Files */ = {
			isa = PBXGroup;
			children = (
				EABF42912BB8848D004BA85A /* LaunchScreen.storyboard */,
				EABF42892BB8848D004BA85A /* Main.storyboard */,
				EABF42872BB8848D004BA85A /* ViewController.swift */,
				EABF428F2BB8848D004BA85A /* Assets.xcassets */,
				EABF42942BB8848D004BA85A /* Info.plist */,
			);
			path = "Support Files";
			sourceTree = "<group>";
		};
		EA5B1BA82BB98C1300245FBC /* General */ = {
			isa = PBXGroup;
			children = (
				EABF42832BB8848D004BA85A /* AppDelegate.swift */,
				EABF42852BB8848D004BA85A /* SceneDelegate.swift */,
				EA5B1BA92BB98C3B00245FBC /* Constants.swift */,
				EA23D5F52BBB28B70070E423 /* PrivateConstants.swift */,
			);
			path = General;
			sourceTree = "<group>";
		};
		EA5B1BAB2BB999CE00245FBC /* Services */ = {
			isa = PBXGroup;
			children = (
				EA81980A2BBB2DE300CFBCFE /* ErrorHandling */,
				EA23D5ED2BBB25E90070E423 /* WebService */,
				EA5B1BAC2BB999DD00245FBC /* CoreData */,
			);
			path = Services;
			sourceTree = "<group>";
		};
		EA5B1BAC2BB999DD00245FBC /* CoreData */ = {
			isa = PBXGroup;
			children = (
				EABF428C2BB8848D004BA85A /* GalleryAppForInnowise.xcdatamodeld */,
			);
			path = CoreData;
			sourceTree = "<group>";
		};
		EA5B1BAF2BB9EC2300245FBC /* ImageGalleryScreen */ = {
			isa = PBXGroup;
			children = (
				EA5B1BB02BB9EC4600245FBC /* ImageGalleryViewController.swift */,
				EA5B1BB52BB9ED6100245FBC /* ImageGalleryViewModel.swift */,
			);
			path = ImageGalleryScreen;
			sourceTree = "<group>";
		};
		EA5B1BB22BB9ECCB00245FBC /* ImageDetailScreen */ = {
			isa = PBXGroup;
			children = (
				EA5B1BB32BB9ECF100245FBC /* ImageDetailViewController.swift */,
				EA5B1BB72BB9ED8400245FBC /* ImageDetailViewModel.swift */,
			);
			path = ImageDetailScreen;
			sourceTree = "<group>";
		};
		EA81980A2BBB2DE300CFBCFE /* ErrorHandling */ = {
			isa = PBXGroup;
			children = (
				EA81980B2BBB2E1F00CFBCFE /* InternalError.swift */,
			);
			path = ErrorHandling;
			sourceTree = "<group>";
		};
		EABF42772BB8848C004BA85A = {
			isa = PBXGroup;
			children = (
				EA5B1BB92BB9EF3A00245FBC /* README.md */,
				EABF42822BB8848D004BA85A /* GalleryAppForInnowise */,
				EABF429C2BB8848E004BA85A /* GalleryAppForInnowiseTests */,
				EABF42A62BB8848E004BA85A /* GalleryAppForInnowiseUITests */,
				EABF42812BB8848D004BA85A /* Products */,
				E99AFD1E812F2DDEBE804291 /* Pods */,
				F27922D7FE8AA4EFF03FC83E /* Frameworks */,
			);
			sourceTree = "<group>";
		};
		EABF42812BB8848D004BA85A /* Products */ = {
			isa = PBXGroup;
			children = (
				EABF42802BB8848D004BA85A /* GalleryAppForInnowise.app */,
				EABF42992BB8848E004BA85A /* GalleryAppForInnowiseTests.xctest */,
				EABF42A32BB8848E004BA85A /* GalleryAppForInnowiseUITests.xctest */,
			);
			name = Products;
			sourceTree = "<group>";
		};
		EABF42822BB8848D004BA85A /* GalleryAppForInnowise */ = {
			isa = PBXGroup;
			children = (
				EA5B1BA82BB98C1300245FBC /* General */,
				EA5B1BA42BB987C200245FBC /* Modules */,
				EA5B1BAB2BB999CE00245FBC /* Services */,
				EA5B1BA62BB98BBC00245FBC /* Utilities */,
				EA5B1BA52BB98B1A00245FBC /* Extensions */,
				EA5B1BA72BB98BCA00245FBC /* Support Files */,
			);
			path = GalleryAppForInnowise;
			sourceTree = "<group>";
		};
		EABF429C2BB8848E004BA85A /* GalleryAppForInnowiseTests */ = {
			isa = PBXGroup;
			children = (
				EABF429D2BB8848E004BA85A /* GalleryAppForInnowiseTests.swift */,
			);
			path = GalleryAppForInnowiseTests;
			sourceTree = "<group>";
		};
		EABF42A62BB8848E004BA85A /* GalleryAppForInnowiseUITests */ = {
			isa = PBXGroup;
			children = (
				EABF42A72BB8848E004BA85A /* GalleryAppForInnowiseUITests.swift */,
				EABF42A92BB8848E004BA85A /* GalleryAppForInnowiseUITestsLaunchTests.swift */,
			);
			path = GalleryAppForInnowiseUITests;
			sourceTree = "<group>";
		};
		F27922D7FE8AA4EFF03FC83E /* Frameworks */ = {
			isa = PBXGroup;
			children = (
				686B6C39408E038222649476 /* Pods_GalleryAppForInnowise.framework */,
				41FD044F804BC280D466D568 /* Pods_GalleryAppForInnowise_GalleryAppForInnowiseUITests.framework */,
				E8DA85F015DD66D72FAE8329 /* Pods_GalleryAppForInnowiseTests.framework */,
			);
			name = Frameworks;
			sourceTree = "<group>";
		};
/* End PBXGroup section */

/* Begin PBXNativeTarget section */
		EABF427F2BB8848D004BA85A /* GalleryAppForInnowise */ = {
			isa = PBXNativeTarget;
			buildConfigurationList = EABF42AD2BB8848E004BA85A /* Build configuration list for PBXNativeTarget "GalleryAppForInnowise" */;
			buildPhases = (
				88183BE44F0EB6163DCA1456 /* [CP] Check Pods Manifest.lock */,
				EABF427C2BB8848D004BA85A /* Sources */,
				EABF427D2BB8848D004BA85A /* Frameworks */,
				EABF427E2BB8848D004BA85A /* Resources */,
				EA5B1BA32BB88A3A00245FBC /* ShellScript */,
			);
			buildRules = (
			);
			dependencies = (
			);
			name = GalleryAppForInnowise;
			productName = GalleryAppForInnowise;
			productReference = EABF42802BB8848D004BA85A /* GalleryAppForInnowise.app */;
			productType = "com.apple.product-type.application";
		};
		EABF42982BB8848E004BA85A /* GalleryAppForInnowiseTests */ = {
			isa = PBXNativeTarget;
			buildConfigurationList = EABF42B02BB8848E004BA85A /* Build configuration list for PBXNativeTarget "GalleryAppForInnowiseTests" */;
			buildPhases = (
				11C00E32C199A8780B79A0A7 /* [CP] Check Pods Manifest.lock */,
				EABF42952BB8848E004BA85A /* Sources */,
				EABF42962BB8848E004BA85A /* Frameworks */,
				EABF42972BB8848E004BA85A /* Resources */,
			);
			buildRules = (
			);
			dependencies = (
				EABF429B2BB8848E004BA85A /* PBXTargetDependency */,
			);
			name = GalleryAppForInnowiseTests;
			productName = GalleryAppForInnowiseTests;
			productReference = EABF42992BB8848E004BA85A /* GalleryAppForInnowiseTests.xctest */;
			productType = "com.apple.product-type.bundle.unit-test";
		};
		EABF42A22BB8848E004BA85A /* GalleryAppForInnowiseUITests */ = {
			isa = PBXNativeTarget;
			buildConfigurationList = EABF42B32BB8848E004BA85A /* Build configuration list for PBXNativeTarget "GalleryAppForInnowiseUITests" */;
			buildPhases = (
				7BE57B3876FF5C2D94B76ECA /* [CP] Check Pods Manifest.lock */,
				EABF429F2BB8848E004BA85A /* Sources */,
				EABF42A02BB8848E004BA85A /* Frameworks */,
				EABF42A12BB8848E004BA85A /* Resources */,
			);
			buildRules = (
			);
			dependencies = (
				EABF42A52BB8848E004BA85A /* PBXTargetDependency */,
			);
			name = GalleryAppForInnowiseUITests;
			productName = GalleryAppForInnowiseUITests;
			productReference = EABF42A32BB8848E004BA85A /* GalleryAppForInnowiseUITests.xctest */;
			productType = "com.apple.product-type.bundle.ui-testing";
		};
/* End PBXNativeTarget section */

/* Begin PBXProject section */
		EABF42782BB8848C004BA85A /* Project object */ = {
			isa = PBXProject;
			attributes = {
				BuildIndependentTargetsInParallel = 1;
				LastSwiftUpdateCheck = 1530;
				LastUpgradeCheck = 1530;
				TargetAttributes = {
					EABF427F2BB8848D004BA85A = {
						CreatedOnToolsVersion = 15.3;
					};
					EABF42982BB8848E004BA85A = {
						CreatedOnToolsVersion = 15.3;
						TestTargetID = EABF427F2BB8848D004BA85A;
					};
					EABF42A22BB8848E004BA85A = {
						CreatedOnToolsVersion = 15.3;
						TestTargetID = EABF427F2BB8848D004BA85A;
					};
				};
			};
			buildConfigurationList = EABF427B2BB8848C004BA85A /* Build configuration list for PBXProject "GalleryAppForInnowise" */;
			compatibilityVersion = "Xcode 14.0";
			developmentRegion = en;
			hasScannedForEncodings = 0;
			knownRegions = (
				en,
				Base,
			);
			mainGroup = EABF42772BB8848C004BA85A;
			productRefGroup = EABF42812BB8848D004BA85A /* Products */;
			projectDirPath = "";
			projectRoot = "";
			targets = (
				EABF427F2BB8848D004BA85A /* GalleryAppForInnowise */,
				EABF42982BB8848E004BA85A /* GalleryAppForInnowiseTests */,
				EABF42A22BB8848E004BA85A /* GalleryAppForInnowiseUITests */,
			);
		};
/* End PBXProject section */

/* Begin PBXResourcesBuildPhase section */
		EABF427E2BB8848D004BA85A /* Resources */ = {
			isa = PBXResourcesBuildPhase;
			buildActionMask = 2147483647;
			files = (
				EABF42902BB8848D004BA85A /* Assets.xcassets in Resources */,
				EABF42932BB8848D004BA85A /* Base in Resources */,
				EABF428B2BB8848D004BA85A /* Base in Resources */,
			);
			runOnlyForDeploymentPostprocessing = 0;
		};
		EABF42972BB8848E004BA85A /* Resources */ = {
			isa = PBXResourcesBuildPhase;
			buildActionMask = 2147483647;
			files = (
			);
			runOnlyForDeploymentPostprocessing = 0;
		};
		EABF42A12BB8848E004BA85A /* Resources */ = {
			isa = PBXResourcesBuildPhase;
			buildActionMask = 2147483647;
			files = (
			);
			runOnlyForDeploymentPostprocessing = 0;
		};
/* End PBXResourcesBuildPhase section */

/* Begin PBXShellScriptBuildPhase section */
		11C00E32C199A8780B79A0A7 /* [CP] Check Pods Manifest.lock */ = {
			isa = PBXShellScriptBuildPhase;
			buildActionMask = 2147483647;
			files = (
			);
			inputFileListPaths = (
			);
			inputPaths = (
				"${PODS_PODFILE_DIR_PATH}/Podfile.lock",
				"${PODS_ROOT}/Manifest.lock",
			);
			name = "[CP] Check Pods Manifest.lock";
			outputFileListPaths = (
			);
			outputPaths = (
				"$(DERIVED_FILE_DIR)/Pods-GalleryAppForInnowiseTests-checkManifestLockResult.txt",
			);
			runOnlyForDeploymentPostprocessing = 0;
			shellPath = /bin/sh;
			shellScript = "diff \"${PODS_PODFILE_DIR_PATH}/Podfile.lock\" \"${PODS_ROOT}/Manifest.lock\" > /dev/null\nif [ $? != 0 ] ; then\n    # print error to STDERR\n    echo \"error: The sandbox is not in sync with the Podfile.lock. Run 'pod install' or update your CocoaPods installation.\" >&2\n    exit 1\nfi\n# This output is used by Xcode 'outputs' to avoid re-running this script phase.\necho \"SUCCESS\" > \"${SCRIPT_OUTPUT_FILE_0}\"\n";
			showEnvVarsInLog = 0;
		};
		7BE57B3876FF5C2D94B76ECA /* [CP] Check Pods Manifest.lock */ = {
			isa = PBXShellScriptBuildPhase;
			buildActionMask = 2147483647;
			files = (
			);
			inputFileListPaths = (
			);
			inputPaths = (
				"${PODS_PODFILE_DIR_PATH}/Podfile.lock",
				"${PODS_ROOT}/Manifest.lock",
			);
			name = "[CP] Check Pods Manifest.lock";
			outputFileListPaths = (
			);
			outputPaths = (
				"$(DERIVED_FILE_DIR)/Pods-GalleryAppForInnowise-GalleryAppForInnowiseUITests-checkManifestLockResult.txt",
			);
			runOnlyForDeploymentPostprocessing = 0;
			shellPath = /bin/sh;
			shellScript = "diff \"${PODS_PODFILE_DIR_PATH}/Podfile.lock\" \"${PODS_ROOT}/Manifest.lock\" > /dev/null\nif [ $? != 0 ] ; then\n    # print error to STDERR\n    echo \"error: The sandbox is not in sync with the Podfile.lock. Run 'pod install' or update your CocoaPods installation.\" >&2\n    exit 1\nfi\n# This output is used by Xcode 'outputs' to avoid re-running this script phase.\necho \"SUCCESS\" > \"${SCRIPT_OUTPUT_FILE_0}\"\n";
			showEnvVarsInLog = 0;
		};
		88183BE44F0EB6163DCA1456 /* [CP] Check Pods Manifest.lock */ = {
			isa = PBXShellScriptBuildPhase;
			buildActionMask = 2147483647;
			files = (
			);
			inputFileListPaths = (
			);
			inputPaths = (
				"${PODS_PODFILE_DIR_PATH}/Podfile.lock",
				"${PODS_ROOT}/Manifest.lock",
			);
			name = "[CP] Check Pods Manifest.lock";
			outputFileListPaths = (
			);
			outputPaths = (
				"$(DERIVED_FILE_DIR)/Pods-GalleryAppForInnowise-checkManifestLockResult.txt",
			);
			runOnlyForDeploymentPostprocessing = 0;
			shellPath = /bin/sh;
			shellScript = "diff \"${PODS_PODFILE_DIR_PATH}/Podfile.lock\" \"${PODS_ROOT}/Manifest.lock\" > /dev/null\nif [ $? != 0 ] ; then\n    # print error to STDERR\n    echo \"error: The sandbox is not in sync with the Podfile.lock. Run 'pod install' or update your CocoaPods installation.\" >&2\n    exit 1\nfi\n# This output is used by Xcode 'outputs' to avoid re-running this script phase.\necho \"SUCCESS\" > \"${SCRIPT_OUTPUT_FILE_0}\"\n";
			showEnvVarsInLog = 0;
		};
		EA5B1BA32BB88A3A00245FBC /* ShellScript */ = {
			isa = PBXShellScriptBuildPhase;
			buildActionMask = 2147483647;
			files = (
			);
			inputFileListPaths = (
			);
			inputPaths = (
			);
			outputFileListPaths = (
			);
			outputPaths = (
			);
			runOnlyForDeploymentPostprocessing = 0;
			shellPath = /bin/sh;
			shellScript = "\"${PODS_ROOT}/SwiftLint/swiftlint\"\n";
		};
/* End PBXShellScriptBuildPhase section */

/* Begin PBXSourcesBuildPhase section */
		EABF427C2BB8848D004BA85A /* Sources */ = {
			isa = PBXSourcesBuildPhase;
			buildActionMask = 2147483647;
			files = (
				EA8198092BBB2D1400CFBCFE /* WebService.swift in Sources */,
				EA5B1BB82BB9ED8400245FBC /* ImageDetailViewModel.swift in Sources */,
				EA8198132BBB466700CFBCFE /* UnsplashModels.swift in Sources */,
				EA23D5F62BBB28B70070E423 /* PrivateConstants.swift in Sources */,
				EA637BC52BBCA81C00EB3FB7 /* ImageDownloadProvider.swift in Sources */,
				EA5B1BAA2BB98C3B00245FBC /* Constants.swift in Sources */,
				EABF42882BB8848D004BA85A /* ViewController.swift in Sources */,
				EA81980C2BBB2E1F00CFBCFE /* InternalError.swift in Sources */,
				EA5B1BB42BB9ECF100245FBC /* ImageDetailViewController.swift in Sources */,
				EA5B1BB12BB9EC4600245FBC /* ImageGalleryViewController.swift in Sources */,
				EA637BC32BBC9DB800EB3FB7 /* BenchTimer.swift in Sources */,
				EA81980E2BBB2F1D00CFBCFE /* Reachability.swift in Sources */,
				EABF42842BB8848D004BA85A /* AppDelegate.swift in Sources */,
				EA5B1BB62BB9ED6100245FBC /* ImageGalleryViewModel.swift in Sources */,
				EA23D5F22BBB26890070E423 /* UnsplashProvider.swift in Sources */,
				EA8198172BBB4D7400CFBCFE /* URLRequest + Extensions.swift in Sources */,
				EABF428E2BB8848D004BA85A /* GalleryAppForInnowise.xcdatamodeld in Sources */,
				EA8198152BBB49E300CFBCFE /* RequestData.swift in Sources */,
				EABF42862BB8848D004BA85A /* SceneDelegate.swift in Sources */,
				EA23D5EF2BBB262F0070E423 /* BaseProvider.swift in Sources */,
			);
			runOnlyForDeploymentPostprocessing = 0;
		};
		EABF42952BB8848E004BA85A /* Sources */ = {
			isa = PBXSourcesBuildPhase;
			buildActionMask = 2147483647;
			files = (
				EABF429E2BB8848E004BA85A /* GalleryAppForInnowiseTests.swift in Sources */,
			);
			runOnlyForDeploymentPostprocessing = 0;
		};
		EABF429F2BB8848E004BA85A /* Sources */ = {
			isa = PBXSourcesBuildPhase;
			buildActionMask = 2147483647;
			files = (
				EABF42A82BB8848E004BA85A /* GalleryAppForInnowiseUITests.swift in Sources */,
				EABF42AA2BB8848E004BA85A /* GalleryAppForInnowiseUITestsLaunchTests.swift in Sources */,
			);
			runOnlyForDeploymentPostprocessing = 0;
		};
/* End PBXSourcesBuildPhase section */

/* Begin PBXTargetDependency section */
		EABF429B2BB8848E004BA85A /* PBXTargetDependency */ = {
			isa = PBXTargetDependency;
			target = EABF427F2BB8848D004BA85A /* GalleryAppForInnowise */;
			targetProxy = EABF429A2BB8848E004BA85A /* PBXContainerItemProxy */;
		};
		EABF42A52BB8848E004BA85A /* PBXTargetDependency */ = {
			isa = PBXTargetDependency;
			target = EABF427F2BB8848D004BA85A /* GalleryAppForInnowise */;
			targetProxy = EABF42A42BB8848E004BA85A /* PBXContainerItemProxy */;
		};
/* End PBXTargetDependency section */

/* Begin PBXVariantGroup section */
		EABF42892BB8848D004BA85A /* Main.storyboard */ = {
			isa = PBXVariantGroup;
			children = (
				EABF428A2BB8848D004BA85A /* Base */,
			);
			name = Main.storyboard;
			sourceTree = "<group>";
		};
		EABF42912BB8848D004BA85A /* LaunchScreen.storyboard */ = {
			isa = PBXVariantGroup;
			children = (
				EABF42922BB8848D004BA85A /* Base */,
			);
			name = LaunchScreen.storyboard;
			sourceTree = "<group>";
		};
/* End PBXVariantGroup section */

/* Begin XCBuildConfiguration section */
		EABF42AB2BB8848E004BA85A /* Debug */ = {
			isa = XCBuildConfiguration;
			buildSettings = {
				ALWAYS_SEARCH_USER_PATHS = NO;
				ASSETCATALOG_COMPILER_GENERATE_SWIFT_ASSET_SYMBOL_EXTENSIONS = YES;
				CLANG_ANALYZER_NONNULL = YES;
				CLANG_ANALYZER_NUMBER_OBJECT_CONVERSION = YES_AGGRESSIVE;
				CLANG_CXX_LANGUAGE_STANDARD = "gnu++20";
				CLANG_ENABLE_MODULES = YES;
				CLANG_ENABLE_OBJC_ARC = YES;
				CLANG_ENABLE_OBJC_WEAK = YES;
				CLANG_WARN_BLOCK_CAPTURE_AUTORELEASING = YES;
				CLANG_WARN_BOOL_CONVERSION = YES;
				CLANG_WARN_COMMA = YES;
				CLANG_WARN_CONSTANT_CONVERSION = YES;
				CLANG_WARN_DEPRECATED_OBJC_IMPLEMENTATIONS = YES;
				CLANG_WARN_DIRECT_OBJC_ISA_USAGE = YES_ERROR;
				CLANG_WARN_DOCUMENTATION_COMMENTS = YES;
				CLANG_WARN_EMPTY_BODY = YES;
				CLANG_WARN_ENUM_CONVERSION = YES;
				CLANG_WARN_INFINITE_RECURSION = YES;
				CLANG_WARN_INT_CONVERSION = YES;
				CLANG_WARN_NON_LITERAL_NULL_CONVERSION = YES;
				CLANG_WARN_OBJC_IMPLICIT_RETAIN_SELF = YES;
				CLANG_WARN_OBJC_LITERAL_CONVERSION = YES;
				CLANG_WARN_OBJC_ROOT_CLASS = YES_ERROR;
				CLANG_WARN_QUOTED_INCLUDE_IN_FRAMEWORK_HEADER = YES;
				CLANG_WARN_RANGE_LOOP_ANALYSIS = YES;
				CLANG_WARN_STRICT_PROTOTYPES = YES;
				CLANG_WARN_SUSPICIOUS_MOVE = YES;
				CLANG_WARN_UNGUARDED_AVAILABILITY = YES_AGGRESSIVE;
				CLANG_WARN_UNREACHABLE_CODE = YES;
				CLANG_WARN__DUPLICATE_METHOD_MATCH = YES;
				COPY_PHASE_STRIP = NO;
				DEBUG_INFORMATION_FORMAT = dwarf;
				ENABLE_STRICT_OBJC_MSGSEND = YES;
				ENABLE_TESTABILITY = YES;
				ENABLE_USER_SCRIPT_SANDBOXING = NO;
				GCC_C_LANGUAGE_STANDARD = gnu17;
				GCC_DYNAMIC_NO_PIC = NO;
				GCC_NO_COMMON_BLOCKS = YES;
				GCC_OPTIMIZATION_LEVEL = 0;
				GCC_PREPROCESSOR_DEFINITIONS = (
					"DEBUG=1",
					"$(inherited)",
				);
				GCC_WARN_64_TO_32_BIT_CONVERSION = YES;
				GCC_WARN_ABOUT_RETURN_TYPE = YES_ERROR;
				GCC_WARN_UNDECLARED_SELECTOR = YES;
				GCC_WARN_UNINITIALIZED_AUTOS = YES_AGGRESSIVE;
				GCC_WARN_UNUSED_FUNCTION = YES;
				GCC_WARN_UNUSED_VARIABLE = YES;
				IPHONEOS_DEPLOYMENT_TARGET = 17.4;
				LOCALIZATION_PREFERS_STRING_CATALOGS = YES;
				MTL_ENABLE_DEBUG_INFO = INCLUDE_SOURCE;
				MTL_FAST_MATH = YES;
				ONLY_ACTIVE_ARCH = YES;
				SDKROOT = iphoneos;
				SWIFT_ACTIVE_COMPILATION_CONDITIONS = "DEBUG $(inherited)";
				SWIFT_OPTIMIZATION_LEVEL = "-Onone";
			};
			name = Debug;
		};
		EABF42AC2BB8848E004BA85A /* Release */ = {
			isa = XCBuildConfiguration;
			buildSettings = {
				ALWAYS_SEARCH_USER_PATHS = NO;
				ASSETCATALOG_COMPILER_GENERATE_SWIFT_ASSET_SYMBOL_EXTENSIONS = YES;
				CLANG_ANALYZER_NONNULL = YES;
				CLANG_ANALYZER_NUMBER_OBJECT_CONVERSION = YES_AGGRESSIVE;
				CLANG_CXX_LANGUAGE_STANDARD = "gnu++20";
				CLANG_ENABLE_MODULES = YES;
				CLANG_ENABLE_OBJC_ARC = YES;
				CLANG_ENABLE_OBJC_WEAK = YES;
				CLANG_WARN_BLOCK_CAPTURE_AUTORELEASING = YES;
				CLANG_WARN_BOOL_CONVERSION = YES;
				CLANG_WARN_COMMA = YES;
				CLANG_WARN_CONSTANT_CONVERSION = YES;
				CLANG_WARN_DEPRECATED_OBJC_IMPLEMENTATIONS = YES;
				CLANG_WARN_DIRECT_OBJC_ISA_USAGE = YES_ERROR;
				CLANG_WARN_DOCUMENTATION_COMMENTS = YES;
				CLANG_WARN_EMPTY_BODY = YES;
				CLANG_WARN_ENUM_CONVERSION = YES;
				CLANG_WARN_INFINITE_RECURSION = YES;
				CLANG_WARN_INT_CONVERSION = YES;
				CLANG_WARN_NON_LITERAL_NULL_CONVERSION = YES;
				CLANG_WARN_OBJC_IMPLICIT_RETAIN_SELF = YES;
				CLANG_WARN_OBJC_LITERAL_CONVERSION = YES;
				CLANG_WARN_OBJC_ROOT_CLASS = YES_ERROR;
				CLANG_WARN_QUOTED_INCLUDE_IN_FRAMEWORK_HEADER = YES;
				CLANG_WARN_RANGE_LOOP_ANALYSIS = YES;
				CLANG_WARN_STRICT_PROTOTYPES = YES;
				CLANG_WARN_SUSPICIOUS_MOVE = YES;
				CLANG_WARN_UNGUARDED_AVAILABILITY = YES_AGGRESSIVE;
				CLANG_WARN_UNREACHABLE_CODE = YES;
				CLANG_WARN__DUPLICATE_METHOD_MATCH = YES;
				COPY_PHASE_STRIP = NO;
				DEBUG_INFORMATION_FORMAT = "dwarf-with-dsym";
				ENABLE_NS_ASSERTIONS = NO;
				ENABLE_STRICT_OBJC_MSGSEND = YES;
				ENABLE_USER_SCRIPT_SANDBOXING = NO;
				GCC_C_LANGUAGE_STANDARD = gnu17;
				GCC_NO_COMMON_BLOCKS = YES;
				GCC_WARN_64_TO_32_BIT_CONVERSION = YES;
				GCC_WARN_ABOUT_RETURN_TYPE = YES_ERROR;
				GCC_WARN_UNDECLARED_SELECTOR = YES;
				GCC_WARN_UNINITIALIZED_AUTOS = YES_AGGRESSIVE;
				GCC_WARN_UNUSED_FUNCTION = YES;
				GCC_WARN_UNUSED_VARIABLE = YES;
				IPHONEOS_DEPLOYMENT_TARGET = 17.4;
				LOCALIZATION_PREFERS_STRING_CATALOGS = YES;
				MTL_ENABLE_DEBUG_INFO = NO;
				MTL_FAST_MATH = YES;
				SDKROOT = iphoneos;
				SWIFT_COMPILATION_MODE = wholemodule;
				VALIDATE_PRODUCT = YES;
			};
			name = Release;
		};
		EABF42AE2BB8848E004BA85A /* Debug */ = {
			isa = XCBuildConfiguration;
			baseConfigurationReference = F9D9C62D79CDCA554B7B362C /* Pods-GalleryAppForInnowise.debug.xcconfig */;
			buildSettings = {
				ASSETCATALOG_COMPILER_APPICON_NAME = AppIcon;
				ASSETCATALOG_COMPILER_GLOBAL_ACCENT_COLOR_NAME = AccentColor;
				CODE_SIGN_STYLE = Automatic;
				CURRENT_PROJECT_VERSION = 1;
				DEVELOPMENT_TEAM = 5998BU97D3;
				GENERATE_INFOPLIST_FILE = YES;
				INFOPLIST_FILE = "GalleryAppForInnowise/Support Files/Info.plist";
				INFOPLIST_KEY_UIApplicationSupportsIndirectInputEvents = YES;
				INFOPLIST_KEY_UILaunchStoryboardName = LaunchScreen;
				INFOPLIST_KEY_UIMainStoryboardFile = Main;
				INFOPLIST_KEY_UISupportedInterfaceOrientations = UIInterfaceOrientationPortrait;
				INFOPLIST_KEY_UISupportedInterfaceOrientations_iPad = "UIInterfaceOrientationLandscapeLeft UIInterfaceOrientationLandscapeRight UIInterfaceOrientationPortrait UIInterfaceOrientationPortraitUpsideDown";
				IPHONEOS_DEPLOYMENT_TARGET = 13.0;
				LD_RUNPATH_SEARCH_PATHS = (
					"$(inherited)",
					"@executable_path/Frameworks",
				);
				MARKETING_VERSION = 1.0;
				PRODUCT_BUNDLE_IDENTIFIER = artemiykutasevich.GalleryAppForInnowise;
				PRODUCT_NAME = "$(TARGET_NAME)";
				SUPPORTED_PLATFORMS = "iphoneos iphonesimulator";
				SUPPORTS_MACCATALYST = NO;
				SUPPORTS_MAC_DESIGNED_FOR_IPHONE_IPAD = NO;
				SUPPORTS_XR_DESIGNED_FOR_IPHONE_IPAD = NO;
				SWIFT_EMIT_LOC_STRINGS = YES;
				SWIFT_VERSION = 5.0;
				TARGETED_DEVICE_FAMILY = 1;
			};
			name = Debug;
		};
		EABF42AF2BB8848E004BA85A /* Release */ = {
			isa = XCBuildConfiguration;
			baseConfigurationReference = 39C9CE09D9BA6F6EA8A3FD30 /* Pods-GalleryAppForInnowise.release.xcconfig */;
			buildSettings = {
				ASSETCATALOG_COMPILER_APPICON_NAME = AppIcon;
				ASSETCATALOG_COMPILER_GLOBAL_ACCENT_COLOR_NAME = AccentColor;
				CODE_SIGN_STYLE = Automatic;
				CURRENT_PROJECT_VERSION = 1;
				DEVELOPMENT_TEAM = 5998BU97D3;
				GENERATE_INFOPLIST_FILE = YES;
				INFOPLIST_FILE = "GalleryAppForInnowise/Support Files/Info.plist";
				INFOPLIST_KEY_UIApplicationSupportsIndirectInputEvents = YES;
				INFOPLIST_KEY_UILaunchStoryboardName = LaunchScreen;
				INFOPLIST_KEY_UIMainStoryboardFile = Main;
				INFOPLIST_KEY_UISupportedInterfaceOrientations = UIInterfaceOrientationPortrait;
				INFOPLIST_KEY_UISupportedInterfaceOrientations_iPad = "UIInterfaceOrientationLandscapeLeft UIInterfaceOrientationLandscapeRight UIInterfaceOrientationPortrait UIInterfaceOrientationPortraitUpsideDown";
				IPHONEOS_DEPLOYMENT_TARGET = 13.0;
				LD_RUNPATH_SEARCH_PATHS = (
					"$(inherited)",
					"@executable_path/Frameworks",
				);
				MARKETING_VERSION = 1.0;
				PRODUCT_BUNDLE_IDENTIFIER = artemiykutasevich.GalleryAppForInnowise;
				PRODUCT_NAME = "$(TARGET_NAME)";
				SUPPORTED_PLATFORMS = "iphoneos iphonesimulator";
				SUPPORTS_MACCATALYST = NO;
				SUPPORTS_MAC_DESIGNED_FOR_IPHONE_IPAD = NO;
				SUPPORTS_XR_DESIGNED_FOR_IPHONE_IPAD = NO;
				SWIFT_EMIT_LOC_STRINGS = YES;
				SWIFT_VERSION = 5.0;
				TARGETED_DEVICE_FAMILY = 1;
			};
			name = Release;
		};
		EABF42B12BB8848E004BA85A /* Debug */ = {
			isa = XCBuildConfiguration;
			baseConfigurationReference = F8F24FACA78B2B940E8F8108 /* Pods-GalleryAppForInnowiseTests.debug.xcconfig */;
			buildSettings = {
				ALWAYS_EMBED_SWIFT_STANDARD_LIBRARIES = YES;
				BUNDLE_LOADER = "$(TEST_HOST)";
				CODE_SIGN_STYLE = Automatic;
				CURRENT_PROJECT_VERSION = 1;
				DEVELOPMENT_TEAM = 5998BU97D3;
				GENERATE_INFOPLIST_FILE = YES;
				IPHONEOS_DEPLOYMENT_TARGET = 13.0;
				MARKETING_VERSION = 1.0;
				PRODUCT_BUNDLE_IDENTIFIER = artemiykutasevich.GalleryAppForInnowiseTests;
				PRODUCT_NAME = "$(TARGET_NAME)";
				SUPPORTED_PLATFORMS = "iphoneos iphonesimulator";
				SUPPORTS_MACCATALYST = NO;
				SUPPORTS_MAC_DESIGNED_FOR_IPHONE_IPAD = NO;
				SUPPORTS_XR_DESIGNED_FOR_IPHONE_IPAD = NO;
				SWIFT_EMIT_LOC_STRINGS = NO;
				SWIFT_VERSION = 5.0;
				TARGETED_DEVICE_FAMILY = 1;
				TEST_HOST = "$(BUILT_PRODUCTS_DIR)/GalleryAppForInnowise.app/$(BUNDLE_EXECUTABLE_FOLDER_PATH)/GalleryAppForInnowise";
			};
			name = Debug;
		};
		EABF42B22BB8848E004BA85A /* Release */ = {
			isa = XCBuildConfiguration;
			baseConfigurationReference = FEB5DE400E08AF3C39BD9C54 /* Pods-GalleryAppForInnowiseTests.release.xcconfig */;
			buildSettings = {
				ALWAYS_EMBED_SWIFT_STANDARD_LIBRARIES = YES;
				BUNDLE_LOADER = "$(TEST_HOST)";
				CODE_SIGN_STYLE = Automatic;
				CURRENT_PROJECT_VERSION = 1;
				DEVELOPMENT_TEAM = 5998BU97D3;
				GENERATE_INFOPLIST_FILE = YES;
				IPHONEOS_DEPLOYMENT_TARGET = 13.0;
				MARKETING_VERSION = 1.0;
				PRODUCT_BUNDLE_IDENTIFIER = artemiykutasevich.GalleryAppForInnowiseTests;
				PRODUCT_NAME = "$(TARGET_NAME)";
				SUPPORTED_PLATFORMS = "iphoneos iphonesimulator";
				SUPPORTS_MACCATALYST = NO;
				SUPPORTS_MAC_DESIGNED_FOR_IPHONE_IPAD = NO;
				SUPPORTS_XR_DESIGNED_FOR_IPHONE_IPAD = NO;
				SWIFT_EMIT_LOC_STRINGS = NO;
				SWIFT_VERSION = 5.0;
				TARGETED_DEVICE_FAMILY = 1;
				TEST_HOST = "$(BUILT_PRODUCTS_DIR)/GalleryAppForInnowise.app/$(BUNDLE_EXECUTABLE_FOLDER_PATH)/GalleryAppForInnowise";
			};
			name = Release;
		};
		EABF42B42BB8848E004BA85A /* Debug */ = {
			isa = XCBuildConfiguration;
			baseConfigurationReference = 2F5FA1350336F06FBF5DAA53 /* Pods-GalleryAppForInnowise-GalleryAppForInnowiseUITests.debug.xcconfig */;
			buildSettings = {
				ALWAYS_EMBED_SWIFT_STANDARD_LIBRARIES = YES;
				CODE_SIGN_STYLE = Automatic;
				CURRENT_PROJECT_VERSION = 1;
				DEVELOPMENT_TEAM = 5998BU97D3;
				GENERATE_INFOPLIST_FILE = YES;
				IPHONEOS_DEPLOYMENT_TARGET = 13.0;
				MARKETING_VERSION = 1.0;
				PRODUCT_BUNDLE_IDENTIFIER = artemiykutasevich.GalleryAppForInnowiseUITests;
				PRODUCT_NAME = "$(TARGET_NAME)";
				SUPPORTED_PLATFORMS = "iphoneos iphonesimulator";
				SUPPORTS_MACCATALYST = NO;
				SUPPORTS_MAC_DESIGNED_FOR_IPHONE_IPAD = NO;
				SUPPORTS_XR_DESIGNED_FOR_IPHONE_IPAD = NO;
				SWIFT_EMIT_LOC_STRINGS = NO;
				SWIFT_VERSION = 5.0;
				TARGETED_DEVICE_FAMILY = 1;
				TEST_TARGET_NAME = GalleryAppForInnowise;
			};
			name = Debug;
		};
		EABF42B52BB8848E004BA85A /* Release */ = {
			isa = XCBuildConfiguration;
			baseConfigurationReference = F48245F2C26964D917F35D3C /* Pods-GalleryAppForInnowise-GalleryAppForInnowiseUITests.release.xcconfig */;
			buildSettings = {
				ALWAYS_EMBED_SWIFT_STANDARD_LIBRARIES = YES;
				CODE_SIGN_STYLE = Automatic;
				CURRENT_PROJECT_VERSION = 1;
				DEVELOPMENT_TEAM = 5998BU97D3;
				GENERATE_INFOPLIST_FILE = YES;
				IPHONEOS_DEPLOYMENT_TARGET = 13.0;
				MARKETING_VERSION = 1.0;
				PRODUCT_BUNDLE_IDENTIFIER = artemiykutasevich.GalleryAppForInnowiseUITests;
				PRODUCT_NAME = "$(TARGET_NAME)";
				SUPPORTED_PLATFORMS = "iphoneos iphonesimulator";
				SUPPORTS_MACCATALYST = NO;
				SUPPORTS_MAC_DESIGNED_FOR_IPHONE_IPAD = NO;
				SUPPORTS_XR_DESIGNED_FOR_IPHONE_IPAD = NO;
				SWIFT_EMIT_LOC_STRINGS = NO;
				SWIFT_VERSION = 5.0;
				TARGETED_DEVICE_FAMILY = 1;
				TEST_TARGET_NAME = GalleryAppForInnowise;
			};
			name = Release;
		};
/* End XCBuildConfiguration section */

/* Begin XCConfigurationList section */
		EABF427B2BB8848C004BA85A /* Build configuration list for PBXProject "GalleryAppForInnowise" */ = {
			isa = XCConfigurationList;
			buildConfigurations = (
				EABF42AB2BB8848E004BA85A /* Debug */,
				EABF42AC2BB8848E004BA85A /* Release */,
			);
			defaultConfigurationIsVisible = 0;
			defaultConfigurationName = Release;
		};
		EABF42AD2BB8848E004BA85A /* Build configuration list for PBXNativeTarget "GalleryAppForInnowise" */ = {
			isa = XCConfigurationList;
			buildConfigurations = (
				EABF42AE2BB8848E004BA85A /* Debug */,
				EABF42AF2BB8848E004BA85A /* Release */,
			);
			defaultConfigurationIsVisible = 0;
			defaultConfigurationName = Release;
		};
		EABF42B02BB8848E004BA85A /* Build configuration list for PBXNativeTarget "GalleryAppForInnowiseTests" */ = {
			isa = XCConfigurationList;
			buildConfigurations = (
				EABF42B12BB8848E004BA85A /* Debug */,
				EABF42B22BB8848E004BA85A /* Release */,
			);
			defaultConfigurationIsVisible = 0;
			defaultConfigurationName = Release;
		};
		EABF42B32BB8848E004BA85A /* Build configuration list for PBXNativeTarget "GalleryAppForInnowiseUITests" */ = {
			isa = XCConfigurationList;
			buildConfigurations = (
				EABF42B42BB8848E004BA85A /* Debug */,
				EABF42B52BB8848E004BA85A /* Release */,
			);
			defaultConfigurationIsVisible = 0;
			defaultConfigurationName = Release;
		};
/* End XCConfigurationList section */

/* Begin XCVersionGroup section */
		EABF428C2BB8848D004BA85A /* GalleryAppForInnowise.xcdatamodeld */ = {
			isa = XCVersionGroup;
			children = (
				EABF428D2BB8848D004BA85A /* GalleryAppForInnowise.xcdatamodel */,
			);
			currentVersion = EABF428D2BB8848D004BA85A /* GalleryAppForInnowise.xcdatamodel */;
			path = GalleryAppForInnowise.xcdatamodeld;
			sourceTree = "<group>";
			versionGroupType = wrapper.xcdatamodel;
		};
/* End XCVersionGroup section */
	};
	rootObject = EABF42782BB8848C004BA85A /* Project object */;
}
